// !$*UTF8*$!
{
	archiveVersion = 1;
	classes = {
	};
	objectVersion = 77;
	objects = {

/* Begin PBXBuildFile section */
		59E3A2752CFBF47B008082A6 /* AppDelegate.swift in Sources */ = {isa = PBXBuildFile; fileRef = 59E3A2742CFBF47B008082A6 /* AppDelegate.swift */; };
		59E3A2772CFBF47B008082A6 /* SceneDelegate.swift in Sources */ = {isa = PBXBuildFile; fileRef = 59E3A2762CFBF47B008082A6 /* SceneDelegate.swift */; };
		59E3A27A2CFBF47B008082A6 /* LaunchScreen.storyboard in Resources */ = {isa = PBXBuildFile; fileRef = 59E3A2782CFBF47B008082A6 /* LaunchScreen.storyboard */; };
		59E3A27D2CFBF47B008082A6 /* Main.storyboard in Resources */ = {isa = PBXBuildFile; fileRef = 59E3A27B2CFBF47B008082A6 /* Main.storyboard */; };
		59E3A2862CFBF47B008082A6 /* AppDelegate.swift in Sources */ = {isa = PBXBuildFile; fileRef = 59E3A2852CFBF47B008082A6 /* AppDelegate.swift */; };
		59E3A2892CFBF47B008082A6 /* Main.storyboard in Resources */ = {isa = PBXBuildFile; fileRef = 59E3A2872CFBF47B008082A6 /* Main.storyboard */; };
		59E3A2912CFBF47B008082A6 /* Sky Follower Bridge Extension.appex in Embed Foundation Extensions */ = {isa = PBXBuildFile; fileRef = 59E3A2902CFBF47B008082A6 /* Sky Follower Bridge Extension.appex */; settings = {ATTRIBUTES = (RemoveHeadersOnCopy, ); }; };
		59E3A29B2CFBF47B008082A6 /* Sky Follower Bridge Extension.appex in Embed Foundation Extensions */ = {isa = PBXBuildFile; fileRef = 59E3A29A2CFBF47B008082A6 /* Sky Follower Bridge Extension.appex */; settings = {ATTRIBUTES = (RemoveHeadersOnCopy, ); }; };
		59E3A2A12CFBF47C008082A6 /* Main.html in Resources */ = {isa = PBXBuildFile; fileRef = 59E3A2642CFBF47A008082A6 /* Main.html */; };
		59E3A2A22CFBF47C008082A6 /* Main.html in Resources */ = {isa = PBXBuildFile; fileRef = 59E3A2642CFBF47A008082A6 /* Main.html */; };
		59E3A2A32CFBF47C008082A6 /* Icon.png in Resources */ = {isa = PBXBuildFile; fileRef = 59E3A2662CFBF47A008082A6 /* Icon.png */; };
		59E3A2A42CFBF47C008082A6 /* Icon.png in Resources */ = {isa = PBXBuildFile; fileRef = 59E3A2662CFBF47A008082A6 /* Icon.png */; };
		59E3A2A52CFBF47C008082A6 /* Style.css in Resources */ = {isa = PBXBuildFile; fileRef = 59E3A2672CFBF47A008082A6 /* Style.css */; };
		59E3A2A62CFBF47C008082A6 /* Style.css in Resources */ = {isa = PBXBuildFile; fileRef = 59E3A2672CFBF47A008082A6 /* Style.css */; };
		59E3A2A72CFBF47C008082A6 /* Script.js in Resources */ = {isa = PBXBuildFile; fileRef = 59E3A2682CFBF47B008082A6 /* Script.js */; };
		59E3A2A82CFBF47C008082A6 /* Script.js in Resources */ = {isa = PBXBuildFile; fileRef = 59E3A2682CFBF47B008082A6 /* Script.js */; };
		59E3A2A92CFBF47C008082A6 /* ViewController.swift in Sources */ = {isa = PBXBuildFile; fileRef = 59E3A2692CFBF47B008082A6 /* ViewController.swift */; };
		59E3A2AA2CFBF47C008082A6 /* ViewController.swift in Sources */ = {isa = PBXBuildFile; fileRef = 59E3A2692CFBF47B008082A6 /* ViewController.swift */; };
		59E3A2AB2CFBF47C008082A6 /* Assets.xcassets in Resources */ = {isa = PBXBuildFile; fileRef = 59E3A26A2CFBF47B008082A6 /* Assets.xcassets */; };
		59E3A2AC2CFBF47C008082A6 /* Assets.xcassets in Resources */ = {isa = PBXBuildFile; fileRef = 59E3A26A2CFBF47B008082A6 /* Assets.xcassets */; };
		59E3A2AD2CFBF47C008082A6 /* SafariWebExtensionHandler.swift in Sources */ = {isa = PBXBuildFile; fileRef = 59E3A26C2CFBF47B008082A6 /* SafariWebExtensionHandler.swift */; };
		59E3A2AE2CFBF47C008082A6 /* SafariWebExtensionHandler.swift in Sources */ = {isa = PBXBuildFile; fileRef = 59E3A26C2CFBF47B008082A6 /* SafariWebExtensionHandler.swift */; };
		59E3A2CF2CFBF47C008082A6 /* icon16.plasmo.6c567d50.png in Resources */ = {isa = PBXBuildFile; fileRef = 59E3A2C02CFBF47C008082A6 /* icon16.plasmo.6c567d50.png */; };
		59E3A2D02CFBF47C008082A6 /* icon64.plasmo.8bb5e6e0.png in Resources */ = {isa = PBXBuildFile; fileRef = 59E3A2C12CFBF47C008082A6 /* icon64.plasmo.8bb5e6e0.png */; };
		59E3A2D12CFBF47C008082A6 /* popup.html in Resources */ = {isa = PBXBuildFile; fileRef = 59E3A2C22CFBF47C008082A6 /* popup.html */; };
		59E3A2D22CFBF47C008082A6 /* popup.100f6462.js in Resources */ = {isa = PBXBuildFile; fileRef = 59E3A2C32CFBF47C008082A6 /* popup.100f6462.js */; };
		59E3A2D32CFBF47C008082A6 /* _metadata in Resources */ = {isa = PBXBuildFile; fileRef = 59E3A2C42CFBF47C008082A6 /* _metadata */; };
		59E3A2D42CFBF47C008082A6 /* icon128.plasmo.3c1ed2d2.png in Resources */ = {isa = PBXBuildFile; fileRef = 59E3A2C52CFBF47C008082A6 /* icon128.plasmo.3c1ed2d2.png */; };
		59E3A2D52CFBF47C008082A6 /* icon48.plasmo.aced7582.png in Resources */ = {isa = PBXBuildFile; fileRef = 59E3A2C62CFBF47C008082A6 /* icon48.plasmo.aced7582.png */; };
		59E3A2D62CFBF47C008082A6 /* static in Resources */ = {isa = PBXBuildFile; fileRef = 59E3A2C72CFBF47C008082A6 /* static */; };
		59E3A2D72CFBF47C008082A6 /* options.de4da450.css in Resources */ = {isa = PBXBuildFile; fileRef = 59E3A2C82CFBF47C008082A6 /* options.de4da450.css */; };
		59E3A2D82CFBF47C008082A6 /* manifest.json in Resources */ = {isa = PBXBuildFile; fileRef = 59E3A2C92CFBF47C008082A6 /* manifest.json */; };
		59E3A2D92CFBF47C008082A6 /* App.afcf8043.js in Resources */ = {isa = PBXBuildFile; fileRef = 59E3A2CA2CFBF47C008082A6 /* App.afcf8043.js */; };
		59E3A2DA2CFBF47C008082A6 /* options.html in Resources */ = {isa = PBXBuildFile; fileRef = 59E3A2CB2CFBF47C008082A6 /* options.html */; };
		59E3A2DB2CFBF47C008082A6 /* options.95eda3f3.js in Resources */ = {isa = PBXBuildFile; fileRef = 59E3A2CC2CFBF47C008082A6 /* options.95eda3f3.js */; };
		59E3A2DC2CFBF47C008082A6 /* icon32.plasmo.76b92899.png in Resources */ = {isa = PBXBuildFile; fileRef = 59E3A2CD2CFBF47C008082A6 /* icon32.plasmo.76b92899.png */; };
		59E3A2DD2CFBF47C008082A6 /* popup.df89bfed.css in Resources */ = {isa = PBXBuildFile; fileRef = 59E3A2CE2CFBF47C008082A6 /* popup.df89bfed.css */; };
		59E3A2DE2CFBF47C008082A6 /* icon16.plasmo.6c567d50.png in Resources */ = {isa = PBXBuildFile; fileRef = 59E3A2C02CFBF47C008082A6 /* icon16.plasmo.6c567d50.png */; };
		59E3A2DF2CFBF47C008082A6 /* icon64.plasmo.8bb5e6e0.png in Resources */ = {isa = PBXBuildFile; fileRef = 59E3A2C12CFBF47C008082A6 /* icon64.plasmo.8bb5e6e0.png */; };
		59E3A2E02CFBF47C008082A6 /* popup.html in Resources */ = {isa = PBXBuildFile; fileRef = 59E3A2C22CFBF47C008082A6 /* popup.html */; };
		59E3A2E12CFBF47C008082A6 /* popup.100f6462.js in Resources */ = {isa = PBXBuildFile; fileRef = 59E3A2C32CFBF47C008082A6 /* popup.100f6462.js */; };
		59E3A2E22CFBF47C008082A6 /* _metadata in Resources */ = {isa = PBXBuildFile; fileRef = 59E3A2C42CFBF47C008082A6 /* _metadata */; };
		59E3A2E32CFBF47C008082A6 /* icon128.plasmo.3c1ed2d2.png in Resources */ = {isa = PBXBuildFile; fileRef = 59E3A2C52CFBF47C008082A6 /* icon128.plasmo.3c1ed2d2.png */; };
		59E3A2E42CFBF47C008082A6 /* icon48.plasmo.aced7582.png in Resources */ = {isa = PBXBuildFile; fileRef = 59E3A2C62CFBF47C008082A6 /* icon48.plasmo.aced7582.png */; };
		59E3A2E52CFBF47C008082A6 /* static in Resources */ = {isa = PBXBuildFile; fileRef = 59E3A2C72CFBF47C008082A6 /* static */; };
		59E3A2E62CFBF47C008082A6 /* options.de4da450.css in Resources */ = {isa = PBXBuildFile; fileRef = 59E3A2C82CFBF47C008082A6 /* options.de4da450.css */; };
		59E3A2E72CFBF47C008082A6 /* manifest.json in Resources */ = {isa = PBXBuildFile; fileRef = 59E3A2C92CFBF47C008082A6 /* manifest.json */; };
		59E3A2E82CFBF47C008082A6 /* App.afcf8043.js in Resources */ = {isa = PBXBuildFile; fileRef = 59E3A2CA2CFBF47C008082A6 /* App.afcf8043.js */; };
		59E3A2E92CFBF47C008082A6 /* options.html in Resources */ = {isa = PBXBuildFile; fileRef = 59E3A2CB2CFBF47C008082A6 /* options.html */; };
		59E3A2EA2CFBF47C008082A6 /* options.95eda3f3.js in Resources */ = {isa = PBXBuildFile; fileRef = 59E3A2CC2CFBF47C008082A6 /* options.95eda3f3.js */; };
		59E3A2EB2CFBF47C008082A6 /* icon32.plasmo.76b92899.png in Resources */ = {isa = PBXBuildFile; fileRef = 59E3A2CD2CFBF47C008082A6 /* icon32.plasmo.76b92899.png */; };
		59E3A2EC2CFBF47C008082A6 /* popup.df89bfed.css in Resources */ = {isa = PBXBuildFile; fileRef = 59E3A2CE2CFBF47C008082A6 /* popup.df89bfed.css */; };
/* End PBXBuildFile section */

/* Begin PBXContainerItemProxy section */
		59E3A2922CFBF47B008082A6 /* PBXContainerItemProxy */ = {
			isa = PBXContainerItemProxy;
			containerPortal = 59E3A25E2CFBF47A008082A6 /* Project object */;
			proxyType = 1;
			remoteGlobalIDString = 59E3A28F2CFBF47B008082A6;
			remoteInfo = "Sky Follower Bridge Extension (iOS)";
		};
		59E3A29C2CFBF47B008082A6 /* PBXContainerItemProxy */ = {
			isa = PBXContainerItemProxy;
			containerPortal = 59E3A25E2CFBF47A008082A6 /* Project object */;
			proxyType = 1;
			remoteGlobalIDString = 59E3A2992CFBF47B008082A6;
			remoteInfo = "Sky Follower Bridge Extension (macOS)";
		};
/* End PBXContainerItemProxy section */

/* Begin PBXCopyFilesBuildPhase section */
		59E3A2B42CFBF47C008082A6 /* Embed Foundation Extensions */ = {
			isa = PBXCopyFilesBuildPhase;
			buildActionMask = 2147483647;
			dstPath = "";
			dstSubfolderSpec = 13;
			files = (
				59E3A2912CFBF47B008082A6 /* Sky Follower Bridge Extension.appex in Embed Foundation Extensions */,
			);
			name = "Embed Foundation Extensions";
			runOnlyForDeploymentPostprocessing = 0;
		};
		59E3A2BB2CFBF47C008082A6 /* Embed Foundation Extensions */ = {
			isa = PBXCopyFilesBuildPhase;
			buildActionMask = 2147483647;
			dstPath = "";
			dstSubfolderSpec = 13;
			files = (
				59E3A29B2CFBF47B008082A6 /* Sky Follower Bridge Extension.appex in Embed Foundation Extensions */,
			);
			name = "Embed Foundation Extensions";
			runOnlyForDeploymentPostprocessing = 0;
		};
/* End PBXCopyFilesBuildPhase section */

/* Begin PBXFileReference section */
		59E3A2652CFBF47A008082A6 /* Base */ = {isa = PBXFileReference; lastKnownFileType = text.html; name = Base; path = Base.lproj/Main.html; sourceTree = "<group>"; };
		59E3A2662CFBF47A008082A6 /* Icon.png */ = {isa = PBXFileReference; lastKnownFileType = image.png; path = Icon.png; sourceTree = "<group>"; };
		59E3A2672CFBF47A008082A6 /* Style.css */ = {isa = PBXFileReference; lastKnownFileType = text.css; path = Style.css; sourceTree = "<group>"; };
		59E3A2682CFBF47B008082A6 /* Script.js */ = {isa = PBXFileReference; lastKnownFileType = sourcecode.javascript; path = Script.js; sourceTree = "<group>"; };
		59E3A2692CFBF47B008082A6 /* ViewController.swift */ = {isa = PBXFileReference; lastKnownFileType = sourcecode.swift; path = ViewController.swift; sourceTree = "<group>"; };
		59E3A26A2CFBF47B008082A6 /* Assets.xcassets */ = {isa = PBXFileReference; lastKnownFileType = folder.assetcatalog; path = Assets.xcassets; sourceTree = "<group>"; };
		59E3A26C2CFBF47B008082A6 /* SafariWebExtensionHandler.swift */ = {isa = PBXFileReference; lastKnownFileType = sourcecode.swift; path = SafariWebExtensionHandler.swift; sourceTree = "<group>"; };
		59E3A2712CFBF47B008082A6 /* Sky Follower Bridge.app */ = {isa = PBXFileReference; explicitFileType = wrapper.application; includeInIndex = 0; path = "Sky Follower Bridge.app"; sourceTree = BUILT_PRODUCTS_DIR; };
		59E3A2742CFBF47B008082A6 /* AppDelegate.swift */ = {isa = PBXFileReference; lastKnownFileType = sourcecode.swift; path = AppDelegate.swift; sourceTree = "<group>"; };
		59E3A2762CFBF47B008082A6 /* SceneDelegate.swift */ = {isa = PBXFileReference; lastKnownFileType = sourcecode.swift; path = SceneDelegate.swift; sourceTree = "<group>"; };
		59E3A2792CFBF47B008082A6 /* Base */ = {isa = PBXFileReference; lastKnownFileType = file.storyboard; name = Base; path = Base.lproj/LaunchScreen.storyboard; sourceTree = "<group>"; };
		59E3A27C2CFBF47B008082A6 /* Base */ = {isa = PBXFileReference; lastKnownFileType = file.storyboard; name = Base; path = Base.lproj/Main.storyboard; sourceTree = "<group>"; };
		59E3A27E2CFBF47B008082A6 /* Info.plist */ = {isa = PBXFileReference; lastKnownFileType = text.plist.xml; path = Info.plist; sourceTree = "<group>"; };
		59E3A2832CFBF47B008082A6 /* Sky Follower Bridge.app */ = {isa = PBXFileReference; explicitFileType = wrapper.application; includeInIndex = 0; path = "Sky Follower Bridge.app"; sourceTree = BUILT_PRODUCTS_DIR; };
		59E3A2852CFBF47B008082A6 /* AppDelegate.swift */ = {isa = PBXFileReference; lastKnownFileType = sourcecode.swift; path = AppDelegate.swift; sourceTree = "<group>"; };
		59E3A2882CFBF47B008082A6 /* Base */ = {isa = PBXFileReference; lastKnownFileType = file.storyboard; name = Base; path = Base.lproj/Main.storyboard; sourceTree = "<group>"; };
		59E3A28A2CFBF47B008082A6 /* Info.plist */ = {isa = PBXFileReference; lastKnownFileType = text.plist.xml; path = Info.plist; sourceTree = "<group>"; };
		59E3A28B2CFBF47B008082A6 /* Sky Follower Bridge.entitlements */ = {isa = PBXFileReference; lastKnownFileType = text.plist.entitlements; path = "Sky Follower Bridge.entitlements"; sourceTree = "<group>"; };
		59E3A2902CFBF47B008082A6 /* Sky Follower Bridge Extension.appex */ = {isa = PBXFileReference; explicitFileType = "wrapper.app-extension"; includeInIndex = 0; path = "Sky Follower Bridge Extension.appex"; sourceTree = BUILT_PRODUCTS_DIR; };
		59E3A2952CFBF47B008082A6 /* Info.plist */ = {isa = PBXFileReference; lastKnownFileType = text.plist.xml; path = Info.plist; sourceTree = "<group>"; };
		59E3A29A2CFBF47B008082A6 /* Sky Follower Bridge Extension.appex */ = {isa = PBXFileReference; explicitFileType = "wrapper.app-extension"; includeInIndex = 0; path = "Sky Follower Bridge Extension.appex"; sourceTree = BUILT_PRODUCTS_DIR; };
		59E3A29F2CFBF47C008082A6 /* Info.plist */ = {isa = PBXFileReference; lastKnownFileType = text.plist.xml; path = Info.plist; sourceTree = "<group>"; };
		59E3A2A02CFBF47C008082A6 /* Sky Follower Bridge.entitlements */ = {isa = PBXFileReference; lastKnownFileType = text.plist.entitlements; path = "Sky Follower Bridge.entitlements"; sourceTree = "<group>"; };
		59E3A2C02CFBF47C008082A6 /* icon16.plasmo.6c567d50.png */ = {isa = PBXFileReference; lastKnownFileType = image.png; name = icon16.plasmo.6c567d50.png; path = "../../../Downloads/Sky-Follower-Bridge/icon16.plasmo.6c567d50.png"; sourceTree = "<group>"; };
		59E3A2C12CFBF47C008082A6 /* icon64.plasmo.8bb5e6e0.png */ = {isa = PBXFileReference; lastKnownFileType = image.png; name = icon64.plasmo.8bb5e6e0.png; path = "../../../Downloads/Sky-Follower-Bridge/icon64.plasmo.8bb5e6e0.png"; sourceTree = "<group>"; };
		59E3A2C22CFBF47C008082A6 /* popup.html */ = {isa = PBXFileReference; lastKnownFileType = text.html; name = popup.html; path = "../../../Downloads/Sky-Follower-Bridge/popup.html"; sourceTree = "<group>"; };
		59E3A2C32CFBF47C008082A6 /* popup.100f6462.js */ = {isa = PBXFileReference; lastKnownFileType = sourcecode.javascript; name = popup.100f6462.js; path = "../../../Downloads/Sky-Follower-Bridge/popup.100f6462.js"; sourceTree = "<group>"; };
		59E3A2C42CFBF47C008082A6 /* _metadata */ = {isa = PBXFileReference; lastKnownFileType = folder; name = _metadata; path = "../../../Downloads/Sky-Follower-Bridge/_metadata"; sourceTree = "<group>"; };
		59E3A2C52CFBF47C008082A6 /* icon128.plasmo.3c1ed2d2.png */ = {isa = PBXFileReference; lastKnownFileType = image.png; name = icon128.plasmo.3c1ed2d2.png; path = "../../../Downloads/Sky-Follower-Bridge/icon128.plasmo.3c1ed2d2.png"; sourceTree = "<group>"; };
		59E3A2C62CFBF47C008082A6 /* icon48.plasmo.aced7582.png */ = {isa = PBXFileReference; lastKnownFileType = image.png; name = icon48.plasmo.aced7582.png; path = "../../../Downloads/Sky-Follower-Bridge/icon48.plasmo.aced7582.png"; sourceTree = "<group>"; };
		59E3A2C72CFBF47C008082A6 /* static */ = {isa = PBXFileReference; lastKnownFileType = folder; name = static; path = "../../../Downloads/Sky-Follower-Bridge/static"; sourceTree = "<group>"; };
		59E3A2C82CFBF47C008082A6 /* options.de4da450.css */ = {isa = PBXFileReference; lastKnownFileType = text.css; name = options.de4da450.css; path = "../../../Downloads/Sky-Follower-Bridge/options.de4da450.css"; sourceTree = "<group>"; };
		59E3A2C92CFBF47C008082A6 /* manifest.json */ = {isa = PBXFileReference; lastKnownFileType = text.json; name = manifest.json; path = "../../../Downloads/Sky-Follower-Bridge/manifest.json"; sourceTree = "<group>"; };
		59E3A2CA2CFBF47C008082A6 /* App.afcf8043.js */ = {isa = PBXFileReference; lastKnownFileType = sourcecode.javascript; name = App.afcf8043.js; path = "../../../Downloads/Sky-Follower-Bridge/App.afcf8043.js"; sourceTree = "<group>"; };
		59E3A2CB2CFBF47C008082A6 /* options.html */ = {isa = PBXFileReference; lastKnownFileType = text.html; name = options.html; path = "../../../Downloads/Sky-Follower-Bridge/options.html"; sourceTree = "<group>"; };
		59E3A2CC2CFBF47C008082A6 /* options.95eda3f3.js */ = {isa = PBXFileReference; lastKnownFileType = sourcecode.javascript; name = options.95eda3f3.js; path = "../../../Downloads/Sky-Follower-Bridge/options.95eda3f3.js"; sourceTree = "<group>"; };
		59E3A2CD2CFBF47C008082A6 /* icon32.plasmo.76b92899.png */ = {isa = PBXFileReference; lastKnownFileType = image.png; name = icon32.plasmo.76b92899.png; path = "../../../Downloads/Sky-Follower-Bridge/icon32.plasmo.76b92899.png"; sourceTree = "<group>"; };
		59E3A2CE2CFBF47C008082A6 /* popup.df89bfed.css */ = {isa = PBXFileReference; lastKnownFileType = text.css; name = popup.df89bfed.css; path = "../../../Downloads/Sky-Follower-Bridge/popup.df89bfed.css"; sourceTree = "<group>"; };
/* End PBXFileReference section */

/* Begin PBXFrameworksBuildPhase section */
		59E3A26E2CFBF47B008082A6 /* Frameworks */ = {
			isa = PBXFrameworksBuildPhase;
			buildActionMask = 2147483647;
			files = (
			);
			runOnlyForDeploymentPostprocessing = 0;
		};
		59E3A2802CFBF47B008082A6 /* Frameworks */ = {
			isa = PBXFrameworksBuildPhase;
			buildActionMask = 2147483647;
			files = (
			);
			runOnlyForDeploymentPostprocessing = 0;
		};
		59E3A28D2CFBF47B008082A6 /* Frameworks */ = {
			isa = PBXFrameworksBuildPhase;
			buildActionMask = 2147483647;
			files = (
			);
			runOnlyForDeploymentPostprocessing = 0;
		};
		59E3A2972CFBF47B008082A6 /* Frameworks */ = {
			isa = PBXFrameworksBuildPhase;
			buildActionMask = 2147483647;
			files = (
			);
			runOnlyForDeploymentPostprocessing = 0;
		};
/* End PBXFrameworksBuildPhase section */

/* Begin PBXGroup section */
		59E3A25D2CFBF47A008082A6 = {
			isa = PBXGroup;
			children = (
				59E3A2622CFBF47A008082A6 /* Shared (App) */,
				59E3A26B2CFBF47B008082A6 /* Shared (Extension) */,
				59E3A2732CFBF47B008082A6 /* iOS (App) */,
				59E3A2842CFBF47B008082A6 /* macOS (App) */,
				59E3A2942CFBF47B008082A6 /* iOS (Extension) */,
				59E3A29E2CFBF47B008082A6 /* macOS (Extension) */,
				59E3A2722CFBF47B008082A6 /* Products */,
			);
			sourceTree = "<group>";
		};
		59E3A2622CFBF47A008082A6 /* Shared (App) */ = {
			isa = PBXGroup;
			children = (
				59E3A2692CFBF47B008082A6 /* ViewController.swift */,
				59E3A26A2CFBF47B008082A6 /* Assets.xcassets */,
				59E3A2632CFBF47A008082A6 /* Resources */,
			);
			path = "Shared (App)";
			sourceTree = "<group>";
		};
		59E3A2632CFBF47A008082A6 /* Resources */ = {
			isa = PBXGroup;
			children = (
				59E3A2642CFBF47A008082A6 /* Main.html */,
				59E3A2662CFBF47A008082A6 /* Icon.png */,
				59E3A2672CFBF47A008082A6 /* Style.css */,
				59E3A2682CFBF47B008082A6 /* Script.js */,
			);
			path = Resources;
			sourceTree = "<group>";
		};
		59E3A26B2CFBF47B008082A6 /* Shared (Extension) */ = {
			isa = PBXGroup;
			children = (
				59E3A2BF2CFBF47C008082A6 /* Resources */,
				59E3A26C2CFBF47B008082A6 /* SafariWebExtensionHandler.swift */,
			);
			path = "Shared (Extension)";
			sourceTree = "<group>";
		};
		59E3A2722CFBF47B008082A6 /* Products */ = {
			isa = PBXGroup;
			children = (
				59E3A2712CFBF47B008082A6 /* Sky Follower Bridge.app */,
				59E3A2832CFBF47B008082A6 /* Sky Follower Bridge.app */,
				59E3A2902CFBF47B008082A6 /* Sky Follower Bridge Extension.appex */,
				59E3A29A2CFBF47B008082A6 /* Sky Follower Bridge Extension.appex */,
			);
			name = Products;
			sourceTree = "<group>";
		};
		59E3A2732CFBF47B008082A6 /* iOS (App) */ = {
			isa = PBXGroup;
			children = (
				59E3A2742CFBF47B008082A6 /* AppDelegate.swift */,
				59E3A2762CFBF47B008082A6 /* SceneDelegate.swift */,
				59E3A2782CFBF47B008082A6 /* LaunchScreen.storyboard */,
				59E3A27B2CFBF47B008082A6 /* Main.storyboard */,
				59E3A27E2CFBF47B008082A6 /* Info.plist */,
			);
			path = "iOS (App)";
			sourceTree = "<group>";
		};
		59E3A2842CFBF47B008082A6 /* macOS (App) */ = {
			isa = PBXGroup;
			children = (
				59E3A2852CFBF47B008082A6 /* AppDelegate.swift */,
				59E3A2872CFBF47B008082A6 /* Main.storyboard */,
				59E3A28A2CFBF47B008082A6 /* Info.plist */,
				59E3A28B2CFBF47B008082A6 /* Sky Follower Bridge.entitlements */,
			);
			path = "macOS (App)";
			sourceTree = "<group>";
		};
		59E3A2942CFBF47B008082A6 /* iOS (Extension) */ = {
			isa = PBXGroup;
			children = (
				59E3A2952CFBF47B008082A6 /* Info.plist */,
			);
			path = "iOS (Extension)";
			sourceTree = "<group>";
		};
		59E3A29E2CFBF47B008082A6 /* macOS (Extension) */ = {
			isa = PBXGroup;
			children = (
				59E3A29F2CFBF47C008082A6 /* Info.plist */,
				59E3A2A02CFBF47C008082A6 /* Sky Follower Bridge.entitlements */,
			);
			path = "macOS (Extension)";
			sourceTree = "<group>";
		};
		59E3A2BF2CFBF47C008082A6 /* Resources */ = {
			isa = PBXGroup;
			children = (
				59E3A2C02CFBF47C008082A6 /* icon16.plasmo.6c567d50.png */,
				59E3A2C12CFBF47C008082A6 /* icon64.plasmo.8bb5e6e0.png */,
				59E3A2C22CFBF47C008082A6 /* popup.html */,
				59E3A2C32CFBF47C008082A6 /* popup.100f6462.js */,
				59E3A2C42CFBF47C008082A6 /* _metadata */,
				59E3A2C52CFBF47C008082A6 /* icon128.plasmo.3c1ed2d2.png */,
				59E3A2C62CFBF47C008082A6 /* icon48.plasmo.aced7582.png */,
				59E3A2C72CFBF47C008082A6 /* static */,
				59E3A2C82CFBF47C008082A6 /* options.de4da450.css */,
				59E3A2C92CFBF47C008082A6 /* manifest.json */,
				59E3A2CA2CFBF47C008082A6 /* App.afcf8043.js */,
				59E3A2CB2CFBF47C008082A6 /* options.html */,
				59E3A2CC2CFBF47C008082A6 /* options.95eda3f3.js */,
				59E3A2CD2CFBF47C008082A6 /* icon32.plasmo.76b92899.png */,
				59E3A2CE2CFBF47C008082A6 /* popup.df89bfed.css */,
			);
			name = Resources;
			path = "Shared (Extension)";
			sourceTree = SOURCE_ROOT;
		};
/* End PBXGroup section */

/* Begin PBXNativeTarget section */
		59E3A2702CFBF47B008082A6 /* Sky Follower Bridge (iOS) */ = {
			isa = PBXNativeTarget;
			buildConfigurationList = 59E3A2B52CFBF47C008082A6 /* Build configuration list for PBXNativeTarget "Sky Follower Bridge (iOS)" */;
			buildPhases = (
				59E3A26D2CFBF47B008082A6 /* Sources */,
				59E3A26E2CFBF47B008082A6 /* Frameworks */,
				59E3A26F2CFBF47B008082A6 /* Resources */,
				59E3A2B42CFBF47C008082A6 /* Embed Foundation Extensions */,
			);
			buildRules = (
			);
			dependencies = (
				59E3A2932CFBF47B008082A6 /* PBXTargetDependency */,
			);
			name = "Sky Follower Bridge (iOS)";
			packageProductDependencies = (
			);
			productName = "Sky Follower Bridge (iOS)";
			productReference = 59E3A2712CFBF47B008082A6 /* Sky Follower Bridge.app */;
			productType = "com.apple.product-type.application";
		};
		59E3A2822CFBF47B008082A6 /* Sky Follower Bridge (macOS) */ = {
			isa = PBXNativeTarget;
			buildConfigurationList = 59E3A2BC2CFBF47C008082A6 /* Build configuration list for PBXNativeTarget "Sky Follower Bridge (macOS)" */;
			buildPhases = (
				59E3A27F2CFBF47B008082A6 /* Sources */,
				59E3A2802CFBF47B008082A6 /* Frameworks */,
				59E3A2812CFBF47B008082A6 /* Resources */,
				59E3A2BB2CFBF47C008082A6 /* Embed Foundation Extensions */,
			);
			buildRules = (
			);
			dependencies = (
				59E3A29D2CFBF47B008082A6 /* PBXTargetDependency */,
			);
			name = "Sky Follower Bridge (macOS)";
			packageProductDependencies = (
			);
			productName = "Sky Follower Bridge (macOS)";
			productReference = 59E3A2832CFBF47B008082A6 /* Sky Follower Bridge.app */;
			productType = "com.apple.product-type.application";
		};
		59E3A28F2CFBF47B008082A6 /* Sky Follower Bridge Extension (iOS) */ = {
			isa = PBXNativeTarget;
			buildConfigurationList = 59E3A2B12CFBF47C008082A6 /* Build configuration list for PBXNativeTarget "Sky Follower Bridge Extension (iOS)" */;
			buildPhases = (
				59E3A28C2CFBF47B008082A6 /* Sources */,
				59E3A28D2CFBF47B008082A6 /* Frameworks */,
				59E3A28E2CFBF47B008082A6 /* Resources */,
			);
			buildRules = (
			);
			dependencies = (
			);
			name = "Sky Follower Bridge Extension (iOS)";
			packageProductDependencies = (
			);
			productName = "Sky Follower Bridge Extension (iOS)";
			productReference = 59E3A2902CFBF47B008082A6 /* Sky Follower Bridge Extension.appex */;
			productType = "com.apple.product-type.app-extension";
		};
		59E3A2992CFBF47B008082A6 /* Sky Follower Bridge Extension (macOS) */ = {
			isa = PBXNativeTarget;
			buildConfigurationList = 59E3A2B82CFBF47C008082A6 /* Build configuration list for PBXNativeTarget "Sky Follower Bridge Extension (macOS)" */;
			buildPhases = (
				59E3A2962CFBF47B008082A6 /* Sources */,
				59E3A2972CFBF47B008082A6 /* Frameworks */,
				59E3A2982CFBF47B008082A6 /* Resources */,
			);
			buildRules = (
			);
			dependencies = (
			);
			name = "Sky Follower Bridge Extension (macOS)";
			packageProductDependencies = (
			);
			productName = "Sky Follower Bridge Extension (macOS)";
			productReference = 59E3A29A2CFBF47B008082A6 /* Sky Follower Bridge Extension.appex */;
			productType = "com.apple.product-type.app-extension";
		};
/* End PBXNativeTarget section */

/* Begin PBXProject section */
		59E3A25E2CFBF47A008082A6 /* Project object */ = {
			isa = PBXProject;
			attributes = {
				BuildIndependentTargetsInParallel = 1;
				LastSwiftUpdateCheck = 1610;
				LastUpgradeCheck = 1610;
				TargetAttributes = {
					59E3A2702CFBF47B008082A6 = {
						CreatedOnToolsVersion = 16.1;
					};
					59E3A2822CFBF47B008082A6 = {
						CreatedOnToolsVersion = 16.1;
					};
					59E3A28F2CFBF47B008082A6 = {
						CreatedOnToolsVersion = 16.1;
					};
					59E3A2992CFBF47B008082A6 = {
						CreatedOnToolsVersion = 16.1;
					};
				};
			};
			buildConfigurationList = 59E3A2612CFBF47A008082A6 /* Build configuration list for PBXProject "Sky Follower Bridge" */;
			developmentRegion = en;
			hasScannedForEncodings = 0;
			knownRegions = (
				en,
				Base,
			);
			mainGroup = 59E3A25D2CFBF47A008082A6;
			minimizedProjectReferenceProxies = 1;
			preferredProjectObjectVersion = 77;
			productRefGroup = 59E3A2722CFBF47B008082A6 /* Products */;
			projectDirPath = "";
			projectRoot = "";
			targets = (
				59E3A2702CFBF47B008082A6 /* Sky Follower Bridge (iOS) */,
				59E3A2822CFBF47B008082A6 /* Sky Follower Bridge (macOS) */,
				59E3A28F2CFBF47B008082A6 /* Sky Follower Bridge Extension (iOS) */,
				59E3A2992CFBF47B008082A6 /* Sky Follower Bridge Extension (macOS) */,
			);
		};
/* End PBXProject section */

/* Begin PBXResourcesBuildPhase section */
		59E3A26F2CFBF47B008082A6 /* Resources */ = {
			isa = PBXResourcesBuildPhase;
			buildActionMask = 2147483647;
			files = (
				59E3A2A32CFBF47C008082A6 /* Icon.png in Resources */,
				59E3A27A2CFBF47B008082A6 /* LaunchScreen.storyboard in Resources */,
				59E3A2A12CFBF47C008082A6 /* Main.html in Resources */,
				59E3A2A72CFBF47C008082A6 /* Script.js in Resources */,
				59E3A2AB2CFBF47C008082A6 /* Assets.xcassets in Resources */,
				59E3A27D2CFBF47B008082A6 /* Main.storyboard in Resources */,
				59E3A2A52CFBF47C008082A6 /* Style.css in Resources */,
			);
			runOnlyForDeploymentPostprocessing = 0;
		};
		59E3A2812CFBF47B008082A6 /* Resources */ = {
			isa = PBXResourcesBuildPhase;
			buildActionMask = 2147483647;
			files = (
				59E3A2A42CFBF47C008082A6 /* Icon.png in Resources */,
				59E3A2A62CFBF47C008082A6 /* Style.css in Resources */,
				59E3A2892CFBF47B008082A6 /* Main.storyboard in Resources */,
				59E3A2A82CFBF47C008082A6 /* Script.js in Resources */,
				59E3A2AC2CFBF47C008082A6 /* Assets.xcassets in Resources */,
				59E3A2A22CFBF47C008082A6 /* Main.html in Resources */,
			);
			runOnlyForDeploymentPostprocessing = 0;
		};
		59E3A28E2CFBF47B008082A6 /* Resources */ = {
			isa = PBXResourcesBuildPhase;
			buildActionMask = 2147483647;
			files = (
				59E3A2EC2CFBF47C008082A6 /* popup.df89bfed.css in Resources */,
				59E3A2E32CFBF47C008082A6 /* icon128.plasmo.3c1ed2d2.png in Resources */,
				59E3A2EA2CFBF47C008082A6 /* options.95eda3f3.js in Resources */,
				59E3A2DE2CFBF47C008082A6 /* icon16.plasmo.6c567d50.png in Resources */,
				59E3A2E72CFBF47C008082A6 /* manifest.json in Resources */,
				59E3A2E02CFBF47C008082A6 /* popup.html in Resources */,
				59E3A2E42CFBF47C008082A6 /* icon48.plasmo.aced7582.png in Resources */,
				59E3A2DF2CFBF47C008082A6 /* icon64.plasmo.8bb5e6e0.png in Resources */,
				59E3A2E22CFBF47C008082A6 /* _metadata in Resources */,
				59E3A2E82CFBF47C008082A6 /* App.afcf8043.js in Resources */,
				59E3A2E52CFBF47C008082A6 /* static in Resources */,
				59E3A2E62CFBF47C008082A6 /* options.de4da450.css in Resources */,
				59E3A2E12CFBF47C008082A6 /* popup.100f6462.js in Resources */,
				59E3A2E92CFBF47C008082A6 /* options.html in Resources */,
				59E3A2EB2CFBF47C008082A6 /* icon32.plasmo.76b92899.png in Resources */,
			);
			runOnlyForDeploymentPostprocessing = 0;
		};
		59E3A2982CFBF47B008082A6 /* Resources */ = {
			isa = PBXResourcesBuildPhase;
			buildActionMask = 2147483647;
			files = (
				59E3A2DD2CFBF47C008082A6 /* popup.df89bfed.css in Resources */,
				59E3A2D42CFBF47C008082A6 /* icon128.plasmo.3c1ed2d2.png in Resources */,
				59E3A2DB2CFBF47C008082A6 /* options.95eda3f3.js in Resources */,
				59E3A2CF2CFBF47C008082A6 /* icon16.plasmo.6c567d50.png in Resources */,
				59E3A2D82CFBF47C008082A6 /* manifest.json in Resources */,
				59E3A2D12CFBF47C008082A6 /* popup.html in Resources */,
				59E3A2D52CFBF47C008082A6 /* icon48.plasmo.aced7582.png in Resources */,
				59E3A2D02CFBF47C008082A6 /* icon64.plasmo.8bb5e6e0.png in Resources */,
				59E3A2D32CFBF47C008082A6 /* _metadata in Resources */,
				59E3A2D92CFBF47C008082A6 /* App.afcf8043.js in Resources */,
				59E3A2D62CFBF47C008082A6 /* static in Resources */,
				59E3A2D72CFBF47C008082A6 /* options.de4da450.css in Resources */,
				59E3A2D22CFBF47C008082A6 /* popup.100f6462.js in Resources */,
				59E3A2DA2CFBF47C008082A6 /* options.html in Resources */,
				59E3A2DC2CFBF47C008082A6 /* icon32.plasmo.76b92899.png in Resources */,
			);
			runOnlyForDeploymentPostprocessing = 0;
		};
/* End PBXResourcesBuildPhase section */

/* Begin PBXSourcesBuildPhase section */
		59E3A26D2CFBF47B008082A6 /* Sources */ = {
			isa = PBXSourcesBuildPhase;
			buildActionMask = 2147483647;
			files = (
				59E3A2A92CFBF47C008082A6 /* ViewController.swift in Sources */,
				59E3A2752CFBF47B008082A6 /* AppDelegate.swift in Sources */,
				59E3A2772CFBF47B008082A6 /* SceneDelegate.swift in Sources */,
			);
			runOnlyForDeploymentPostprocessing = 0;
		};
		59E3A27F2CFBF47B008082A6 /* Sources */ = {
			isa = PBXSourcesBuildPhase;
			buildActionMask = 2147483647;
			files = (
				59E3A2AA2CFBF47C008082A6 /* ViewController.swift in Sources */,
				59E3A2862CFBF47B008082A6 /* AppDelegate.swift in Sources */,
			);
			runOnlyForDeploymentPostprocessing = 0;
		};
		59E3A28C2CFBF47B008082A6 /* Sources */ = {
			isa = PBXSourcesBuildPhase;
			buildActionMask = 2147483647;
			files = (
				59E3A2AD2CFBF47C008082A6 /* SafariWebExtensionHandler.swift in Sources */,
			);
			runOnlyForDeploymentPostprocessing = 0;
		};
		59E3A2962CFBF47B008082A6 /* Sources */ = {
			isa = PBXSourcesBuildPhase;
			buildActionMask = 2147483647;
			files = (
				59E3A2AE2CFBF47C008082A6 /* SafariWebExtensionHandler.swift in Sources */,
			);
			runOnlyForDeploymentPostprocessing = 0;
		};
/* End PBXSourcesBuildPhase section */

/* Begin PBXTargetDependency section */
		59E3A2932CFBF47B008082A6 /* PBXTargetDependency */ = {
			isa = PBXTargetDependency;
			target = 59E3A28F2CFBF47B008082A6 /* Sky Follower Bridge Extension (iOS) */;
			targetProxy = 59E3A2922CFBF47B008082A6 /* PBXContainerItemProxy */;
		};
		59E3A29D2CFBF47B008082A6 /* PBXTargetDependency */ = {
			isa = PBXTargetDependency;
			target = 59E3A2992CFBF47B008082A6 /* Sky Follower Bridge Extension (macOS) */;
			targetProxy = 59E3A29C2CFBF47B008082A6 /* PBXContainerItemProxy */;
		};
/* End PBXTargetDependency section */

/* Begin PBXVariantGroup section */
		59E3A2642CFBF47A008082A6 /* Main.html */ = {
			isa = PBXVariantGroup;
			children = (
				59E3A2652CFBF47A008082A6 /* Base */,
			);
			name = Main.html;
			sourceTree = "<group>";
		};
		59E3A2782CFBF47B008082A6 /* LaunchScreen.storyboard */ = {
			isa = PBXVariantGroup;
			children = (
				59E3A2792CFBF47B008082A6 /* Base */,
			);
			name = LaunchScreen.storyboard;
			sourceTree = "<group>";
		};
		59E3A27B2CFBF47B008082A6 /* Main.storyboard */ = {
			isa = PBXVariantGroup;
			children = (
				59E3A27C2CFBF47B008082A6 /* Base */,
			);
			name = Main.storyboard;
			sourceTree = "<group>";
		};
		59E3A2872CFBF47B008082A6 /* Main.storyboard */ = {
			isa = PBXVariantGroup;
			children = (
				59E3A2882CFBF47B008082A6 /* Base */,
			);
			name = Main.storyboard;
			sourceTree = "<group>";
		};
/* End PBXVariantGroup section */

/* Begin XCBuildConfiguration section */
		59E3A2AF2CFBF47C008082A6 /* Debug */ = {
			isa = XCBuildConfiguration;
			buildSettings = {
				ALWAYS_SEARCH_USER_PATHS = NO;
				ASSETCATALOG_COMPILER_GENERATE_SWIFT_ASSET_SYMBOL_EXTENSIONS = YES;
				CLANG_ANALYZER_NONNULL = YES;
				CLANG_ANALYZER_NUMBER_OBJECT_CONVERSION = YES_AGGRESSIVE;
				CLANG_CXX_LANGUAGE_STANDARD = "gnu++20";
				CLANG_ENABLE_MODULES = YES;
				CLANG_ENABLE_OBJC_ARC = YES;
				CLANG_ENABLE_OBJC_WEAK = YES;
				CLANG_WARN_BLOCK_CAPTURE_AUTORELEASING = YES;
				CLANG_WARN_BOOL_CONVERSION = YES;
				CLANG_WARN_COMMA = YES;
				CLANG_WARN_CONSTANT_CONVERSION = YES;
				CLANG_WARN_DEPRECATED_OBJC_IMPLEMENTATIONS = YES;
				CLANG_WARN_DIRECT_OBJC_ISA_USAGE = YES_ERROR;
				CLANG_WARN_DOCUMENTATION_COMMENTS = YES;
				CLANG_WARN_EMPTY_BODY = YES;
				CLANG_WARN_ENUM_CONVERSION = YES;
				CLANG_WARN_INFINITE_RECURSION = YES;
				CLANG_WARN_INT_CONVERSION = YES;
				CLANG_WARN_NON_LITERAL_NULL_CONVERSION = YES;
				CLANG_WARN_OBJC_IMPLICIT_RETAIN_SELF = YES;
				CLANG_WARN_OBJC_LITERAL_CONVERSION = YES;
				CLANG_WARN_OBJC_ROOT_CLASS = YES_ERROR;
				CLANG_WARN_QUOTED_INCLUDE_IN_FRAMEWORK_HEADER = YES;
				CLANG_WARN_RANGE_LOOP_ANALYSIS = YES;
				CLANG_WARN_STRICT_PROTOTYPES = YES;
				CLANG_WARN_SUSPICIOUS_MOVE = YES;
				CLANG_WARN_UNGUARDED_AVAILABILITY = YES_AGGRESSIVE;
				CLANG_WARN_UNREACHABLE_CODE = YES;
				CLANG_WARN__DUPLICATE_METHOD_MATCH = YES;
				COPY_PHASE_STRIP = NO;
				DEBUG_INFORMATION_FORMAT = dwarf;
				ENABLE_STRICT_OBJC_MSGSEND = YES;
				ENABLE_TESTABILITY = YES;
				ENABLE_USER_SCRIPT_SANDBOXING = YES;
				GCC_C_LANGUAGE_STANDARD = gnu17;
				GCC_DYNAMIC_NO_PIC = NO;
				GCC_NO_COMMON_BLOCKS = YES;
				GCC_OPTIMIZATION_LEVEL = 0;
				GCC_PREPROCESSOR_DEFINITIONS = (
					"DEBUG=1",
					"$(inherited)",
				);
				GCC_WARN_64_TO_32_BIT_CONVERSION = YES;
				GCC_WARN_ABOUT_RETURN_TYPE = YES_ERROR;
				GCC_WARN_UNDECLARED_SELECTOR = YES;
				GCC_WARN_UNINITIALIZED_AUTOS = YES_AGGRESSIVE;
				GCC_WARN_UNUSED_FUNCTION = YES;
				GCC_WARN_UNUSED_VARIABLE = YES;
				LOCALIZATION_PREFERS_STRING_CATALOGS = YES;
				MTL_ENABLE_DEBUG_INFO = INCLUDE_SOURCE;
				MTL_FAST_MATH = YES;
				ONLY_ACTIVE_ARCH = YES;
				SWIFT_ACTIVE_COMPILATION_CONDITIONS = "DEBUG $(inherited)";
				SWIFT_OPTIMIZATION_LEVEL = "-Onone";
			};
			name = Debug;
		};
		59E3A2B02CFBF47C008082A6 /* Release */ = {
			isa = XCBuildConfiguration;
			buildSettings = {
				ALWAYS_SEARCH_USER_PATHS = NO;
				ASSETCATALOG_COMPILER_GENERATE_SWIFT_ASSET_SYMBOL_EXTENSIONS = YES;
				CLANG_ANALYZER_NONNULL = YES;
				CLANG_ANALYZER_NUMBER_OBJECT_CONVERSION = YES_AGGRESSIVE;
				CLANG_CXX_LANGUAGE_STANDARD = "gnu++20";
				CLANG_ENABLE_MODULES = YES;
				CLANG_ENABLE_OBJC_ARC = YES;
				CLANG_ENABLE_OBJC_WEAK = YES;
				CLANG_WARN_BLOCK_CAPTURE_AUTORELEASING = YES;
				CLANG_WARN_BOOL_CONVERSION = YES;
				CLANG_WARN_COMMA = YES;
				CLANG_WARN_CONSTANT_CONVERSION = YES;
				CLANG_WARN_DEPRECATED_OBJC_IMPLEMENTATIONS = YES;
				CLANG_WARN_DIRECT_OBJC_ISA_USAGE = YES_ERROR;
				CLANG_WARN_DOCUMENTATION_COMMENTS = YES;
				CLANG_WARN_EMPTY_BODY = YES;
				CLANG_WARN_ENUM_CONVERSION = YES;
				CLANG_WARN_INFINITE_RECURSION = YES;
				CLANG_WARN_INT_CONVERSION = YES;
				CLANG_WARN_NON_LITERAL_NULL_CONVERSION = YES;
				CLANG_WARN_OBJC_IMPLICIT_RETAIN_SELF = YES;
				CLANG_WARN_OBJC_LITERAL_CONVERSION = YES;
				CLANG_WARN_OBJC_ROOT_CLASS = YES_ERROR;
				CLANG_WARN_QUOTED_INCLUDE_IN_FRAMEWORK_HEADER = YES;
				CLANG_WARN_RANGE_LOOP_ANALYSIS = YES;
				CLANG_WARN_STRICT_PROTOTYPES = YES;
				CLANG_WARN_SUSPICIOUS_MOVE = YES;
				CLANG_WARN_UNGUARDED_AVAILABILITY = YES_AGGRESSIVE;
				CLANG_WARN_UNREACHABLE_CODE = YES;
				CLANG_WARN__DUPLICATE_METHOD_MATCH = YES;
				COPY_PHASE_STRIP = NO;
				DEBUG_INFORMATION_FORMAT = "dwarf-with-dsym";
				ENABLE_NS_ASSERTIONS = NO;
				ENABLE_STRICT_OBJC_MSGSEND = YES;
				ENABLE_USER_SCRIPT_SANDBOXING = YES;
				GCC_C_LANGUAGE_STANDARD = gnu17;
				GCC_NO_COMMON_BLOCKS = YES;
				GCC_WARN_64_TO_32_BIT_CONVERSION = YES;
				GCC_WARN_ABOUT_RETURN_TYPE = YES_ERROR;
				GCC_WARN_UNDECLARED_SELECTOR = YES;
				GCC_WARN_UNINITIALIZED_AUTOS = YES_AGGRESSIVE;
				GCC_WARN_UNUSED_FUNCTION = YES;
				GCC_WARN_UNUSED_VARIABLE = YES;
				LOCALIZATION_PREFERS_STRING_CATALOGS = YES;
				MTL_ENABLE_DEBUG_INFO = NO;
				MTL_FAST_MATH = YES;
				SWIFT_COMPILATION_MODE = wholemodule;
			};
			name = Release;
		};
		59E3A2B22CFBF47C008082A6 /* Debug */ = {
			isa = XCBuildConfiguration;
			buildSettings = {
				CODE_SIGN_STYLE = Automatic;
				CURRENT_PROJECT_VERSION = 1;
				GENERATE_INFOPLIST_FILE = YES;
				INFOPLIST_FILE = "iOS (Extension)/Info.plist";
				INFOPLIST_KEY_CFBundleDisplayName = "Sky Follower Bridge Extension";
				INFOPLIST_KEY_NSHumanReadableCopyright = "";
				IPHONEOS_DEPLOYMENT_TARGET = 15.0;
				LD_RUNPATH_SEARCH_PATHS = (
					"$(inherited)",
					"@executable_path/Frameworks",
					"@executable_path/../../Frameworks",
				);
				MARKETING_VERSION = 1.0;
				OTHER_LDFLAGS = (
					"-framework",
					SafariServices,
				);
				PRODUCT_BUNDLE_IDENTIFIER = "com.yourCompany.Sky-Follower-Bridge.Extension";
				PRODUCT_NAME = "Sky Follower Bridge Extension";
				SDKROOT = iphoneos;
				SKIP_INSTALL = YES;
				SWIFT_EMIT_LOC_STRINGS = YES;
				SWIFT_VERSION = 5.0;
				TARGETED_DEVICE_FAMILY = "1,2";
			};
			name = Debug;
		};
		59E3A2B32CFBF47C008082A6 /* Release */ = {
			isa = XCBuildConfiguration;
			buildSettings = {
				CODE_SIGN_STYLE = Automatic;
				CURRENT_PROJECT_VERSION = 1;
				GENERATE_INFOPLIST_FILE = YES;
				INFOPLIST_FILE = "iOS (Extension)/Info.plist";
				INFOPLIST_KEY_CFBundleDisplayName = "Sky Follower Bridge Extension";
				INFOPLIST_KEY_NSHumanReadableCopyright = "";
				IPHONEOS_DEPLOYMENT_TARGET = 15.0;
				LD_RUNPATH_SEARCH_PATHS = (
					"$(inherited)",
					"@executable_path/Frameworks",
					"@executable_path/../../Frameworks",
				);
				MARKETING_VERSION = 1.0;
				OTHER_LDFLAGS = (
					"-framework",
					SafariServices,
				);
				PRODUCT_BUNDLE_IDENTIFIER = "com.yourCompany.Sky-Follower-Bridge.Extension";
				PRODUCT_NAME = "Sky Follower Bridge Extension";
				SDKROOT = iphoneos;
				SKIP_INSTALL = YES;
				SWIFT_EMIT_LOC_STRINGS = YES;
				SWIFT_VERSION = 5.0;
				TARGETED_DEVICE_FAMILY = "1,2";
				VALIDATE_PRODUCT = YES;
			};
			name = Release;
		};
		59E3A2B62CFBF47C008082A6 /* Debug */ = {
			isa = XCBuildConfiguration;
			buildSettings = {
				ASSETCATALOG_COMPILER_APPICON_NAME = AppIcon;
				ASSETCATALOG_COMPILER_GLOBAL_ACCENT_COLOR_NAME = AccentColor;
				CODE_SIGN_STYLE = Automatic;
				CURRENT_PROJECT_VERSION = 1;
				DEVELOPMENT_TEAM = 5T458C78BL;
				GENERATE_INFOPLIST_FILE = YES;
				INFOPLIST_FILE = "iOS (App)/Info.plist";
				INFOPLIST_KEY_CFBundleDisplayName = "Sky Follower Bridge";
				INFOPLIST_KEY_UIApplicationSupportsIndirectInputEvents = YES;
				INFOPLIST_KEY_UILaunchStoryboardName = LaunchScreen;
				INFOPLIST_KEY_UIMainStoryboardFile = Main;
				INFOPLIST_KEY_UISupportedInterfaceOrientations = "UIInterfaceOrientationPortrait UIInterfaceOrientationLandscapeLeft UIInterfaceOrientationLandscapeRight";
				INFOPLIST_KEY_UISupportedInterfaceOrientations_iPad = "UIInterfaceOrientationPortrait UIInterfaceOrientationPortraitUpsideDown UIInterfaceOrientationLandscapeLeft UIInterfaceOrientationLandscapeRight";
				IPHONEOS_DEPLOYMENT_TARGET = 15.0;
				LD_RUNPATH_SEARCH_PATHS = (
					"$(inherited)",
					"@executable_path/Frameworks",
				);
				MARKETING_VERSION = 1.0;
				OTHER_LDFLAGS = (
					"-framework",
					SafariServices,
					"-framework",
					WebKit,
				);
				PRODUCT_BUNDLE_IDENTIFIER = "xyz.knotbin.Sky-Follower-Bridge";
				PRODUCT_NAME = "Sky Follower Bridge";
				SDKROOT = iphoneos;
				SWIFT_EMIT_LOC_STRINGS = YES;
				SWIFT_VERSION = 5.0;
				TARGETED_DEVICE_FAMILY = "1,2";
			};
			name = Debug;
		};
		59E3A2B72CFBF47C008082A6 /* Release */ = {
			isa = XCBuildConfiguration;
			buildSettings = {
				ASSETCATALOG_COMPILER_APPICON_NAME = AppIcon;
				ASSETCATALOG_COMPILER_GLOBAL_ACCENT_COLOR_NAME = AccentColor;
				CODE_SIGN_STYLE = Automatic;
				CURRENT_PROJECT_VERSION = 1;
				DEVELOPMENT_TEAM = 5T458C78BL;
				GENERATE_INFOPLIST_FILE = YES;
				INFOPLIST_FILE = "iOS (App)/Info.plist";
				INFOPLIST_KEY_CFBundleDisplayName = "Sky Follower Bridge";
				INFOPLIST_KEY_UIApplicationSupportsIndirectInputEvents = YES;
				INFOPLIST_KEY_UILaunchStoryboardName = LaunchScreen;
				INFOPLIST_KEY_UIMainStoryboardFile = Main;
				INFOPLIST_KEY_UISupportedInterfaceOrientations = "UIInterfaceOrientationPortrait UIInterfaceOrientationLandscapeLeft UIInterfaceOrientationLandscapeRight";
				INFOPLIST_KEY_UISupportedInterfaceOrientations_iPad = "UIInterfaceOrientationPortrait UIInterfaceOrientationPortraitUpsideDown UIInterfaceOrientationLandscapeLeft UIInterfaceOrientationLandscapeRight";
				IPHONEOS_DEPLOYMENT_TARGET = 15.0;
				LD_RUNPATH_SEARCH_PATHS = (
					"$(inherited)",
					"@executable_path/Frameworks",
				);
				MARKETING_VERSION = 1.0;
				OTHER_LDFLAGS = (
					"-framework",
					SafariServices,
					"-framework",
					WebKit,
				);
				PRODUCT_BUNDLE_IDENTIFIER = "xyz.knotbin.Sky-Follower-Bridge";
				PRODUCT_NAME = "Sky Follower Bridge";
				SDKROOT = iphoneos;
				SWIFT_EMIT_LOC_STRINGS = YES;
				SWIFT_VERSION = 5.0;
				TARGETED_DEVICE_FAMILY = "1,2";
				VALIDATE_PRODUCT = YES;
			};
			name = Release;
		};
		59E3A2B92CFBF47C008082A6 /* Debug */ = {
			isa = XCBuildConfiguration;
			buildSettings = {
				CODE_SIGN_ENTITLEMENTS = "macOS (Extension)/Sky Follower Bridge.entitlements";
				CODE_SIGN_STYLE = Automatic;
				CURRENT_PROJECT_VERSION = 1;
				ENABLE_HARDENED_RUNTIME = YES;
				GENERATE_INFOPLIST_FILE = YES;
				INFOPLIST_FILE = "macOS (Extension)/Info.plist";
				INFOPLIST_KEY_CFBundleDisplayName = "Sky Follower Bridge Extension";
				INFOPLIST_KEY_NSHumanReadableCopyright = "";
				LD_RUNPATH_SEARCH_PATHS = (
					"$(inherited)",
					"@executable_path/../Frameworks",
					"@executable_path/../../../../Frameworks",
				);
				MACOSX_DEPLOYMENT_TARGET = 10.14;
				MARKETING_VERSION = 1.0;
				OTHER_LDFLAGS = (
					"-framework",
					SafariServices,
				);
				PRODUCT_BUNDLE_IDENTIFIER = "com.yourCompany.Sky-Follower-Bridge.Extension";
				PRODUCT_NAME = "Sky Follower Bridge Extension";
				SDKROOT = macosx;
				SKIP_INSTALL = YES;
				SWIFT_EMIT_LOC_STRINGS = YES;
				SWIFT_VERSION = 5.0;
			};
			name = Debug;
		};
		59E3A2BA2CFBF47C008082A6 /* Release */ = {
			isa = XCBuildConfiguration;
			buildSettings = {
				CODE_SIGN_ENTITLEMENTS = "macOS (Extension)/Sky Follower Bridge.entitlements";
				CODE_SIGN_STYLE = Automatic;
				CURRENT_PROJECT_VERSION = 1;
				ENABLE_HARDENED_RUNTIME = YES;
				GENERATE_INFOPLIST_FILE = YES;
				INFOPLIST_FILE = "macOS (Extension)/Info.plist";
				INFOPLIST_KEY_CFBundleDisplayName = "Sky Follower Bridge Extension";
				INFOPLIST_KEY_NSHumanReadableCopyright = "";
				LD_RUNPATH_SEARCH_PATHS = (
					"$(inherited)",
					"@executable_path/../Frameworks",
					"@executable_path/../../../../Frameworks",
				);
				MACOSX_DEPLOYMENT_TARGET = 10.14;
				MARKETING_VERSION = 1.0;
				OTHER_LDFLAGS = (
					"-framework",
					SafariServices,
				);
				PRODUCT_BUNDLE_IDENTIFIER = "com.yourCompany.Sky-Follower-Bridge.Extension";
				PRODUCT_NAME = "Sky Follower Bridge Extension";
				SDKROOT = macosx;
				SKIP_INSTALL = YES;
				SWIFT_EMIT_LOC_STRINGS = YES;
				SWIFT_VERSION = 5.0;
			};
			name = Release;
		};
		59E3A2BD2CFBF47C008082A6 /* Debug */ = {
			isa = XCBuildConfiguration;
			buildSettings = {
				ASSETCATALOG_COMPILER_APPICON_NAME = AppIcon;
				ASSETCATALOG_COMPILER_GLOBAL_ACCENT_COLOR_NAME = AccentColor;
				CODE_SIGN_ENTITLEMENTS = "macOS (App)/Sky Follower Bridge.entitlements";
				CODE_SIGN_STYLE = Automatic;
				CURRENT_PROJECT_VERSION = 1;
				ENABLE_HARDENED_RUNTIME = YES;
				GENERATE_INFOPLIST_FILE = YES;
				INFOPLIST_FILE = "macOS (App)/Info.plist";
				INFOPLIST_KEY_CFBundleDisplayName = "Sky Follower Bridge";
				INFOPLIST_KEY_NSMainStoryboardFile = Main;
				INFOPLIST_KEY_NSPrincipalClass = NSApplication;
				LD_RUNPATH_SEARCH_PATHS = (
					"$(inherited)",
					"@executable_path/../Frameworks",
				);
				MACOSX_DEPLOYMENT_TARGET = 10.14;
				MARKETING_VERSION = 1.0;
				OTHER_LDFLAGS = (
					"-framework",
					SafariServices,
					"-framework",
					WebKit,
				);
				PRODUCT_BUNDLE_IDENTIFIER = "com.yourCompany.Sky-Follower-Bridge";
				PRODUCT_NAME = "Sky Follower Bridge";
				SDKROOT = macosx;
				SWIFT_EMIT_LOC_STRINGS = YES;
				SWIFT_VERSION = 5.0;
			};
			name = Debug;
		};
		59E3A2BE2CFBF47C008082A6 /* Release */ = {
			isa = XCBuildConfiguration;
			buildSettings = {
				ASSETCATALOG_COMPILER_APPICON_NAME = AppIcon;
				ASSETCATALOG_COMPILER_GLOBAL_ACCENT_COLOR_NAME = AccentColor;
				CODE_SIGN_ENTITLEMENTS = "macOS (App)/Sky Follower Bridge.entitlements";
				CODE_SIGN_STYLE = Automatic;
				CURRENT_PROJECT_VERSION = 1;
				ENABLE_HARDENED_RUNTIME = YES;
				GENERATE_INFOPLIST_FILE = YES;
				INFOPLIST_FILE = "macOS (App)/Info.plist";
				INFOPLIST_KEY_CFBundleDisplayName = "Sky Follower Bridge";
				INFOPLIST_KEY_NSMainStoryboardFile = Main;
				INFOPLIST_KEY_NSPrincipalClass = NSApplication;
				LD_RUNPATH_SEARCH_PATHS = (
					"$(inherited)",
					"@executable_path/../Frameworks",
				);
				MACOSX_DEPLOYMENT_TARGET = 10.14;
				MARKETING_VERSION = 1.0;
				OTHER_LDFLAGS = (
					"-framework",
					SafariServices,
					"-framework",
					WebKit,
				);
				PRODUCT_BUNDLE_IDENTIFIER = "com.yourCompany.Sky-Follower-Bridge";
				PRODUCT_NAME = "Sky Follower Bridge";
				SDKROOT = macosx;
				SWIFT_EMIT_LOC_STRINGS = YES;
				SWIFT_VERSION = 5.0;
			};
			name = Release;
		};
/* End XCBuildConfiguration section */

/* Begin XCConfigurationList section */
		59E3A2612CFBF47A008082A6 /* Build configuration list for PBXProject "Sky Follower Bridge" */ = {
			isa = XCConfigurationList;
			buildConfigurations = (
				59E3A2AF2CFBF47C008082A6 /* Debug */,
				59E3A2B02CFBF47C008082A6 /* Release */,
			);
			defaultConfigurationIsVisible = 0;
			defaultConfigurationName = Release;
		};
		59E3A2B12CFBF47C008082A6 /* Build configuration list for PBXNativeTarget "Sky Follower Bridge Extension (iOS)" */ = {
			isa = XCConfigurationList;
			buildConfigurations = (
				59E3A2B22CFBF47C008082A6 /* Debug */,
				59E3A2B32CFBF47C008082A6 /* Release */,
			);
			defaultConfigurationIsVisible = 0;
			defaultConfigurationName = Release;
		};
		59E3A2B52CFBF47C008082A6 /* Build configuration list for PBXNativeTarget "Sky Follower Bridge (iOS)" */ = {
			isa = XCConfigurationList;
			buildConfigurations = (
				59E3A2B62CFBF47C008082A6 /* Debug */,
				59E3A2B72CFBF47C008082A6 /* Release */,
			);
			defaultConfigurationIsVisible = 0;
			defaultConfigurationName = Release;
		};
		59E3A2B82CFBF47C008082A6 /* Build configuration list for PBXNativeTarget "Sky Follower Bridge Extension (macOS)" */ = {
			isa = XCConfigurationList;
			buildConfigurations = (
				59E3A2B92CFBF47C008082A6 /* Debug */,
				59E3A2BA2CFBF47C008082A6 /* Release */,
			);
			defaultConfigurationIsVisible = 0;
			defaultConfigurationName = Release;
		};
		59E3A2BC2CFBF47C008082A6 /* Build configuration list for PBXNativeTarget "Sky Follower Bridge (macOS)" */ = {
			isa = XCConfigurationList;
			buildConfigurations = (
				59E3A2BD2CFBF47C008082A6 /* Debug */,
				59E3A2BE2CFBF47C008082A6 /* Release */,
			);
			defaultConfigurationIsVisible = 0;
			defaultConfigurationName = Release;
		};
/* End XCConfigurationList section */
	};
	rootObject = 59E3A25E2CFBF47A008082A6 /* Project object */;
}
